
Microsoft Visual Studio Solution File, Format Version 12.00
# Visual Studio Version 16
VisualStudioVersion = 16.0.29215.179
MinimumVisualStudioVersion = 10.0.40219.1
Project("{FAE04EC0-301F-11D3-BF4B-00C04F79EFBC}") = "PaintDotNet.Systrace", "PaintDotNet.Systrace.csproj", "{8F444940-CCB5-476E-9463-60517C94229E}"
EndProject
Global
	GlobalSection(SolutionConfigurationPlatforms) = preSolution
		Debug|Any CPU = Debug|Any CPU
		Release|Any CPU = Release|Any CPU
	EndGlobalSection
	GlobalSection(ProjectConfigurationPlatforms) = postSolution
		{8F444940-CCB5-476E-9463-60517C94229E}.Debug|Any CPU.ActiveCfg = Debug|Any CPU
		{8F444940-CCB5-476E-9463-60517C94229E}.Debug|Any CPU.Build.0 = Debug|Any CPU
		{8F444940-CCB5-476E-9463-60517C94229E}.Release|Any CPU.ActiveCfg = Release|Any CPU
		{8F444940-CCB5-476E-9463-60517C94229E}.Release|Any CPU.Build.0 = Release|Any CPU
	EndGlobalSection
	GlobalSection(SolutionProperties) = preSolution
		HideSolutionNode = FALSE
	EndGlobalSection
	GlobalSection(ExtensibilityGlobals) = postSolution
		SolutionGuid = {1E4FB986-2AD2-424A-B4BD-113D48091199}
	EndGlobalSection
EndGlobal
